// !$*UTF8*$!
{
	archiveVersion = 1;
	classes = {
	};
	objectVersion = 50;
	objects = {

/* Begin PBXBuildFile section */
		732DA7FD24272AC100417BD3 /* Constants.swift in Sources */ = {isa = PBXBuildFile; fileRef = 732DA7FC24272AC100417BD3 /* Constants.swift */; };
		732DA8002427342800417BD3 /* OnboardingViewController.swift in Sources */ = {isa = PBXBuildFile; fileRef = 732DA7FF2427342800417BD3 /* OnboardingViewController.swift */; };
		732DA802242734CB00417BD3 /* GameCoordinator.swift in Sources */ = {isa = PBXBuildFile; fileRef = 732DA801242734CB00417BD3 /* GameCoordinator.swift */; };
		732DA8042427391C00417BD3 /* UIStoryboardExtension.swift in Sources */ = {isa = PBXBuildFile; fileRef = 732DA8032427391C00417BD3 /* UIStoryboardExtension.swift */; };
		732DA806242739E700417BD3 /* UserDataViewController.swift in Sources */ = {isa = PBXBuildFile; fileRef = 732DA805242739E700417BD3 /* UserDataViewController.swift */; };
		732DA80824273A4A00417BD3 /* LocationPermissionViewController.swift in Sources */ = {isa = PBXBuildFile; fileRef = 732DA80724273A4A00417BD3 /* LocationPermissionViewController.swift */; };
		732DA80A24273AA000417BD3 /* AcceptWIFIViewController.swift in Sources */ = {isa = PBXBuildFile; fileRef = 732DA80924273AA000417BD3 /* AcceptWIFIViewController.swift */; };
		732DA80C2427403000417BD3 /* StartViewController.swift in Sources */ = {isa = PBXBuildFile; fileRef = 732DA80B2427403000417BD3 /* StartViewController.swift */; };
		732DA80F2427596200417BD3 /* Onboarding.storyboard in Resources */ = {isa = PBXBuildFile; fileRef = 732DA80E2427596200417BD3 /* Onboarding.storyboard */; };
		732DA81124275A9900417BD3 /* FriendsViewController.swift in Sources */ = {isa = PBXBuildFile; fileRef = 732DA81024275A9900417BD3 /* FriendsViewController.swift */; };
		732DA81324275AA400417BD3 /* ChallengesViewController.swift in Sources */ = {isa = PBXBuildFile; fileRef = 732DA81224275AA400417BD3 /* ChallengesViewController.swift */; };
		732DA81524275AAF00417BD3 /* LeaderBoardViewController.swift in Sources */ = {isa = PBXBuildFile; fileRef = 732DA81424275AAF00417BD3 /* LeaderBoardViewController.swift */; };
		732DA81724275F7E00417BD3 /* SettingsViewController.swift in Sources */ = {isa = PBXBuildFile; fileRef = 732DA81624275F7E00417BD3 /* SettingsViewController.swift */; };
		732DA81C24278B9900417BD3 /* Roboto-Regular.ttf in Resources */ = {isa = PBXBuildFile; fileRef = 732DA81B24278B0A00417BD3 /* Roboto-Regular.ttf */; };
		732DA81D24278B9900417BD3 /* FredokaOne-Regular.ttf in Resources */ = {isa = PBXBuildFile; fileRef = 732DA81A24278ABD00417BD3 /* FredokaOne-Regular.ttf */; };
		732DA81E24278B9900417BD3 /* Chewy.ttf in Resources */ = {isa = PBXBuildFile; fileRef = 732DA81824278A1100417BD3 /* Chewy.ttf */; };
		732DA8202427AB8800417BD3 /* ImagePicker.swift in Sources */ = {isa = PBXBuildFile; fileRef = 732DA81F2427AB8800417BD3 /* ImagePicker.swift */; };
		732DA8232427B81300417BD3 /* LightRoundButton.swift in Sources */ = {isa = PBXBuildFile; fileRef = 732DA8222427B81300417BD3 /* LightRoundButton.swift */; };
		732DA8252427B8A500417BD3 /* Colors.xcassets in Resources */ = {isa = PBXBuildFile; fileRef = 732DA8242427B8A500417BD3 /* Colors.xcassets */; };
		738EDF40242B395500541FC8 /* RoundTextField.swift in Sources */ = {isa = PBXBuildFile; fileRef = 738EDF3F242B395500541FC8 /* RoundTextField.swift */; };
		7390065C24263E0E00B9EEC5 /* AppDelegate.swift in Sources */ = {isa = PBXBuildFile; fileRef = 7390065B24263E0E00B9EEC5 /* AppDelegate.swift */; };
		7390066324263E0E00B9EEC5 /* Main.storyboard in Resources */ = {isa = PBXBuildFile; fileRef = 7390066124263E0E00B9EEC5 /* Main.storyboard */; };
		7390066524263E0F00B9EEC5 /* Assets.xcassets in Resources */ = {isa = PBXBuildFile; fileRef = 7390066424263E0F00B9EEC5 /* Assets.xcassets */; };
		7390066824263E0F00B9EEC5 /* LaunchScreen.storyboard in Resources */ = {isa = PBXBuildFile; fileRef = 7390066624263E0F00B9EEC5 /* LaunchScreen.storyboard */; };
		7390067224264D0A00B9EEC5 /* ExternalAccessory.framework in Frameworks */ = {isa = PBXBuildFile; fileRef = 7390067124264D0A00B9EEC5 /* ExternalAccessory.framework */; };
		7390067424266C4500B9EEC5 /* ManagerProvider.swift in Sources */ = {isa = PBXBuildFile; fileRef = 7390067324266C4500B9EEC5 /* ManagerProvider.swift */; };
		7390069024269C0000B9EEC5 /* MainViewController.swift in Sources */ = {isa = PBXBuildFile; fileRef = 7390068F24269C0000B9EEC5 /* MainViewController.swift */; };
		73900693242724BF00B9EEC5 /* WifiManager.swift in Sources */ = {isa = PBXBuildFile; fileRef = 73900692242724BF00B9EEC5 /* WifiManager.swift */; };
		73900695242724E900B9EEC5 /* Game.swift in Sources */ = {isa = PBXBuildFile; fileRef = 73900694242724E900B9EEC5 /* Game.swift */; };
		739006972427251300B9EEC5 /* LocationManager.swift in Sources */ = {isa = PBXBuildFile; fileRef = 739006962427251300B9EEC5 /* LocationManager.swift */; };
		73CF5F20242DF56000B7CE40 /* KeyboardHandler.swift in Sources */ = {isa = PBXBuildFile; fileRef = 73CF5F1F242DF56000B7CE40 /* KeyboardHandler.swift */; };
/* End PBXBuildFile section */

/* Begin PBXFileReference section */
		732DA7FC24272AC100417BD3 /* Constants.swift */ = {isa = PBXFileReference; lastKnownFileType = sourcecode.swift; path = Constants.swift; sourceTree = "<group>"; };
		732DA7FF2427342800417BD3 /* OnboardingViewController.swift */ = {isa = PBXFileReference; lastKnownFileType = sourcecode.swift; path = OnboardingViewController.swift; sourceTree = "<group>"; };
		732DA801242734CB00417BD3 /* GameCoordinator.swift */ = {isa = PBXFileReference; lastKnownFileType = sourcecode.swift; path = GameCoordinator.swift; sourceTree = "<group>"; };
		732DA8032427391C00417BD3 /* UIStoryboardExtension.swift */ = {isa = PBXFileReference; lastKnownFileType = sourcecode.swift; path = UIStoryboardExtension.swift; sourceTree = "<group>"; };
		732DA805242739E700417BD3 /* UserDataViewController.swift */ = {isa = PBXFileReference; lastKnownFileType = sourcecode.swift; path = UserDataViewController.swift; sourceTree = "<group>"; };
		732DA80724273A4A00417BD3 /* LocationPermissionViewController.swift */ = {isa = PBXFileReference; lastKnownFileType = sourcecode.swift; path = LocationPermissionViewController.swift; sourceTree = "<group>"; };
		732DA80924273AA000417BD3 /* AcceptWIFIViewController.swift */ = {isa = PBXFileReference; lastKnownFileType = sourcecode.swift; path = AcceptWIFIViewController.swift; sourceTree = "<group>"; };
		732DA80B2427403000417BD3 /* StartViewController.swift */ = {isa = PBXFileReference; lastKnownFileType = sourcecode.swift; path = StartViewController.swift; sourceTree = "<group>"; };
		732DA80E2427596200417BD3 /* Onboarding.storyboard */ = {isa = PBXFileReference; lastKnownFileType = file.storyboard; path = Onboarding.storyboard; sourceTree = "<group>"; };
		732DA81024275A9900417BD3 /* FriendsViewController.swift */ = {isa = PBXFileReference; lastKnownFileType = sourcecode.swift; path = FriendsViewController.swift; sourceTree = "<group>"; };
		732DA81224275AA400417BD3 /* ChallengesViewController.swift */ = {isa = PBXFileReference; lastKnownFileType = sourcecode.swift; path = ChallengesViewController.swift; sourceTree = "<group>"; };
		732DA81424275AAF00417BD3 /* LeaderBoardViewController.swift */ = {isa = PBXFileReference; lastKnownFileType = sourcecode.swift; path = LeaderBoardViewController.swift; sourceTree = "<group>"; };
		732DA81624275F7E00417BD3 /* SettingsViewController.swift */ = {isa = PBXFileReference; lastKnownFileType = sourcecode.swift; path = SettingsViewController.swift; sourceTree = "<group>"; };
		732DA81824278A1100417BD3 /* Chewy.ttf */ = {isa = PBXFileReference; lastKnownFileType = file; path = Chewy.ttf; sourceTree = "<group>"; };
		732DA81A24278ABD00417BD3 /* FredokaOne-Regular.ttf */ = {isa = PBXFileReference; lastKnownFileType = file; path = "FredokaOne-Regular.ttf"; sourceTree = "<group>"; };
		732DA81B24278B0A00417BD3 /* Roboto-Regular.ttf */ = {isa = PBXFileReference; lastKnownFileType = file; path = "Roboto-Regular.ttf"; sourceTree = "<group>"; };
		732DA81F2427AB8800417BD3 /* ImagePicker.swift */ = {isa = PBXFileReference; lastKnownFileType = sourcecode.swift; path = ImagePicker.swift; sourceTree = "<group>"; };
		732DA8222427B81300417BD3 /* LightRoundButton.swift */ = {isa = PBXFileReference; lastKnownFileType = sourcecode.swift; path = LightRoundButton.swift; sourceTree = "<group>"; };
		732DA8242427B8A500417BD3 /* Colors.xcassets */ = {isa = PBXFileReference; lastKnownFileType = folder.assetcatalog; path = Colors.xcassets; sourceTree = "<group>"; };
		738EDF3F242B395500541FC8 /* RoundTextField.swift */ = {isa = PBXFileReference; lastKnownFileType = sourcecode.swift; path = RoundTextField.swift; sourceTree = "<group>"; };
		7390065824263E0E00B9EEC5 /* Stay@Home.app */ = {isa = PBXFileReference; explicitFileType = wrapper.application; includeInIndex = 0; path = "Stay@Home.app"; sourceTree = BUILT_PRODUCTS_DIR; };
		7390065B24263E0E00B9EEC5 /* AppDelegate.swift */ = {isa = PBXFileReference; lastKnownFileType = sourcecode.swift; path = AppDelegate.swift; sourceTree = "<group>"; };
		7390066224263E0E00B9EEC5 /* Base */ = {isa = PBXFileReference; lastKnownFileType = file.storyboard; name = Base; path = Base.lproj/Main.storyboard; sourceTree = "<group>"; };
		7390066424263E0F00B9EEC5 /* Assets.xcassets */ = {isa = PBXFileReference; lastKnownFileType = folder.assetcatalog; path = Assets.xcassets; sourceTree = "<group>"; };
		7390066724263E0F00B9EEC5 /* Base */ = {isa = PBXFileReference; lastKnownFileType = file.storyboard; name = Base; path = Base.lproj/LaunchScreen.storyboard; sourceTree = "<group>"; };
		7390066924263E0F00B9EEC5 /* Info.plist */ = {isa = PBXFileReference; lastKnownFileType = text.plist.xml; path = Info.plist; sourceTree = "<group>"; };
		7390066F24264D0A00B9EEC5 /* StayAtHome-iOS.entitlements */ = {isa = PBXFileReference; lastKnownFileType = text.plist.entitlements; path = "StayAtHome-iOS.entitlements"; sourceTree = "<group>"; };
		7390067124264D0A00B9EEC5 /* ExternalAccessory.framework */ = {isa = PBXFileReference; lastKnownFileType = wrapper.framework; name = ExternalAccessory.framework; path = System/Library/Frameworks/ExternalAccessory.framework; sourceTree = SDKROOT; };
		7390067324266C4500B9EEC5 /* ManagerProvider.swift */ = {isa = PBXFileReference; lastKnownFileType = sourcecode.swift; path = ManagerProvider.swift; sourceTree = "<group>"; };
		7390068F24269C0000B9EEC5 /* MainViewController.swift */ = {isa = PBXFileReference; lastKnownFileType = sourcecode.swift; path = MainViewController.swift; sourceTree = "<group>"; };
		73900692242724BF00B9EEC5 /* WifiManager.swift */ = {isa = PBXFileReference; lastKnownFileType = sourcecode.swift; path = WifiManager.swift; sourceTree = "<group>"; };
		73900694242724E900B9EEC5 /* Game.swift */ = {isa = PBXFileReference; lastKnownFileType = sourcecode.swift; path = Game.swift; sourceTree = "<group>"; };
		739006962427251300B9EEC5 /* LocationManager.swift */ = {isa = PBXFileReference; lastKnownFileType = sourcecode.swift; path = LocationManager.swift; sourceTree = "<group>"; };
		73CF5F1F242DF56000B7CE40 /* KeyboardHandler.swift */ = {isa = PBXFileReference; lastKnownFileType = sourcecode.swift; path = KeyboardHandler.swift; sourceTree = "<group>"; };
/* End PBXFileReference section */

/* Begin PBXFrameworksBuildPhase section */
		7390065524263E0D00B9EEC5 /* Frameworks */ = {
			isa = PBXFrameworksBuildPhase;
			buildActionMask = 2147483647;
			files = (
				7390067224264D0A00B9EEC5 /* ExternalAccessory.framework in Frameworks */,
			);
			runOnlyForDeploymentPostprocessing = 0;
		};
/* End PBXFrameworksBuildPhase section */

/* Begin PBXGroup section */
		732DA7FB24272AB700417BD3 /* Util */ = {
			isa = PBXGroup;
			children = (
				732DA7FC24272AC100417BD3 /* Constants.swift */,
				732DA8032427391C00417BD3 /* UIStoryboardExtension.swift */,
				73CF5F1F242DF56000B7CE40 /* KeyboardHandler.swift */,
			);
			path = Util;
			sourceTree = "<group>";
		};
		732DA7FE24272ECB00417BD3 /* Onboarding */ = {
			isa = PBXGroup;
			children = (
				732DA7FF2427342800417BD3 /* OnboardingViewController.swift */,
				732DA805242739E700417BD3 /* UserDataViewController.swift */,
				732DA81F2427AB8800417BD3 /* ImagePicker.swift */,
				732DA80724273A4A00417BD3 /* LocationPermissionViewController.swift */,
				732DA80924273AA000417BD3 /* AcceptWIFIViewController.swift */,
				732DA80B2427403000417BD3 /* StartViewController.swift */,
			);
			path = Onboarding;
			sourceTree = "<group>";
		};
		732DA80D2427594800417BD3 /* Resources */ = {
			isa = PBXGroup;
			children = (
				732DA81924278A1500417BD3 /* fonts */,
				7390066124263E0E00B9EEC5 /* Main.storyboard */,
				7390066424263E0F00B9EEC5 /* Assets.xcassets */,
				7390066624263E0F00B9EEC5 /* LaunchScreen.storyboard */,
				732DA80E2427596200417BD3 /* Onboarding.storyboard */,
				732DA8242427B8A500417BD3 /* Colors.xcassets */,
			);
			path = Resources;
			sourceTree = "<group>";
		};
		732DA81924278A1500417BD3 /* fonts */ = {
			isa = PBXGroup;
			children = (
				732DA81B24278B0A00417BD3 /* Roboto-Regular.ttf */,
				732DA81A24278ABD00417BD3 /* FredokaOne-Regular.ttf */,
				732DA81824278A1100417BD3 /* Chewy.ttf */,
			);
			path = fonts;
			sourceTree = "<group>";
		};
		732DA8212427B7F100417BD3 /* Custom Views */ = {
			isa = PBXGroup;
			children = (
				732DA8222427B81300417BD3 /* LightRoundButton.swift */,
				738EDF3F242B395500541FC8 /* RoundTextField.swift */,
			);
			path = "Custom Views";
			sourceTree = "<group>";
		};
		7390064F24263E0D00B9EEC5 = {
			isa = PBXGroup;
			children = (
				7390065A24263E0E00B9EEC5 /* StayAtHome-iOS */,
				7390065924263E0E00B9EEC5 /* Products */,
				7390067024264D0A00B9EEC5 /* Frameworks */,
			);
			sourceTree = "<group>";
		};
		7390065924263E0E00B9EEC5 /* Products */ = {
			isa = PBXGroup;
			children = (
				7390065824263E0E00B9EEC5 /* Stay@Home.app */,
			);
			name = Products;
			sourceTree = "<group>";
		};
		7390065A24263E0E00B9EEC5 /* StayAtHome-iOS */ = {
			isa = PBXGroup;
			children = (
				732DA80D2427594800417BD3 /* Resources */,
				732DA7FE24272ECB00417BD3 /* Onboarding */,
				732DA7FB24272AB700417BD3 /* Util */,
				739006912427249C00B9EEC5 /* BusinessLogic */,
				7390068E24269BDD00B9EEC5 /* Main */,
				732DA8212427B7F100417BD3 /* Custom Views */,
				7390066F24264D0A00B9EEC5 /* StayAtHome-iOS.entitlements */,
				7390065B24263E0E00B9EEC5 /* AppDelegate.swift */,
				7390066924263E0F00B9EEC5 /* Info.plist */,
			);
			path = "StayAtHome-iOS";
			sourceTree = "<group>";
		};
		7390067024264D0A00B9EEC5 /* Frameworks */ = {
			isa = PBXGroup;
			children = (
				7390067124264D0A00B9EEC5 /* ExternalAccessory.framework */,
			);
			name = Frameworks;
			sourceTree = "<group>";
		};
		7390068E24269BDD00B9EEC5 /* Main */ = {
			isa = PBXGroup;
			children = (
				7390068F24269C0000B9EEC5 /* MainViewController.swift */,
				732DA81024275A9900417BD3 /* FriendsViewController.swift */,
				732DA81224275AA400417BD3 /* ChallengesViewController.swift */,
				732DA81424275AAF00417BD3 /* LeaderBoardViewController.swift */,
				732DA81624275F7E00417BD3 /* SettingsViewController.swift */,
			);
			path = Main;
			sourceTree = "<group>";
		};
		739006912427249C00B9EEC5 /* BusinessLogic */ = {
			isa = PBXGroup;
			children = (
				7390067324266C4500B9EEC5 /* ManagerProvider.swift */,
				73900692242724BF00B9EEC5 /* WifiManager.swift */,
				73900694242724E900B9EEC5 /* Game.swift */,
				739006962427251300B9EEC5 /* LocationManager.swift */,
				732DA801242734CB00417BD3 /* GameCoordinator.swift */,
			);
			path = BusinessLogic;
			sourceTree = "<group>";
		};
/* End PBXGroup section */

/* Begin PBXNativeTarget section */
		7390065724263E0D00B9EEC5 /* StayAtHome-iOS */ = {
			isa = PBXNativeTarget;
			buildConfigurationList = 7390066C24263E0F00B9EEC5 /* Build configuration list for PBXNativeTarget "StayAtHome-iOS" */;
			buildPhases = (
				7390065424263E0D00B9EEC5 /* Sources */,
				7390065524263E0D00B9EEC5 /* Frameworks */,
				7390065624263E0D00B9EEC5 /* Resources */,
			);
			buildRules = (
			);
			dependencies = (
			);
			name = "StayAtHome-iOS";
			productName = "StayAtHome-iOS";
			productReference = 7390065824263E0E00B9EEC5 /* Stay@Home.app */;
			productType = "com.apple.product-type.application";
		};
/* End PBXNativeTarget section */

/* Begin PBXProject section */
		7390065024263E0D00B9EEC5 /* Project object */ = {
			isa = PBXProject;
			attributes = {
				LastSwiftUpdateCheck = 1130;
				LastUpgradeCheck = 1130;
				ORGANIZATIONNAME = WeVSVirus;
				TargetAttributes = {
					7390065724263E0D00B9EEC5 = {
						CreatedOnToolsVersion = 11.3.1;
					};
				};
			};
			buildConfigurationList = 7390065324263E0D00B9EEC5 /* Build configuration list for PBXProject "StayAtHome-iOS" */;
			compatibilityVersion = "Xcode 9.3";
			developmentRegion = en;
			hasScannedForEncodings = 0;
			knownRegions = (
				en,
				Base,
			);
			mainGroup = 7390064F24263E0D00B9EEC5;
			productRefGroup = 7390065924263E0E00B9EEC5 /* Products */;
			projectDirPath = "";
			projectRoot = "";
			targets = (
				7390065724263E0D00B9EEC5 /* StayAtHome-iOS */,
			);
		};
/* End PBXProject section */

/* Begin PBXResourcesBuildPhase section */
		7390065624263E0D00B9EEC5 /* Resources */ = {
			isa = PBXResourcesBuildPhase;
			buildActionMask = 2147483647;
			files = (
				7390066824263E0F00B9EEC5 /* LaunchScreen.storyboard in Resources */,
				7390066524263E0F00B9EEC5 /* Assets.xcassets in Resources */,
				732DA81C24278B9900417BD3 /* Roboto-Regular.ttf in Resources */,
				732DA81E24278B9900417BD3 /* Chewy.ttf in Resources */,
				7390066324263E0E00B9EEC5 /* Main.storyboard in Resources */,
				732DA8252427B8A500417BD3 /* Colors.xcassets in Resources */,
				732DA80F2427596200417BD3 /* Onboarding.storyboard in Resources */,
				732DA81D24278B9900417BD3 /* FredokaOne-Regular.ttf in Resources */,
			);
			runOnlyForDeploymentPostprocessing = 0;
		};
/* End PBXResourcesBuildPhase section */

/* Begin PBXSourcesBuildPhase section */
		7390065424263E0D00B9EEC5 /* Sources */ = {
			isa = PBXSourcesBuildPhase;
			buildActionMask = 2147483647;
			files = (
				732DA81524275AAF00417BD3 /* LeaderBoardViewController.swift in Sources */,
				732DA8232427B81300417BD3 /* LightRoundButton.swift in Sources */,
				732DA802242734CB00417BD3 /* GameCoordinator.swift in Sources */,
				732DA81124275A9900417BD3 /* FriendsViewController.swift in Sources */,
				732DA80C2427403000417BD3 /* StartViewController.swift in Sources */,
				7390065C24263E0E00B9EEC5 /* AppDelegate.swift in Sources */,
				732DA80824273A4A00417BD3 /* LocationPermissionViewController.swift in Sources */,
				732DA80A24273AA000417BD3 /* AcceptWIFIViewController.swift in Sources */,
				732DA8202427AB8800417BD3 /* ImagePicker.swift in Sources */,
				732DA8042427391C00417BD3 /* UIStoryboardExtension.swift in Sources */,
				738EDF40242B395500541FC8 /* RoundTextField.swift in Sources */,
				7390067424266C4500B9EEC5 /* ManagerProvider.swift in Sources */,
				73900693242724BF00B9EEC5 /* WifiManager.swift in Sources */,
				732DA8002427342800417BD3 /* OnboardingViewController.swift in Sources */,
				73900695242724E900B9EEC5 /* Game.swift in Sources */,
				732DA7FD24272AC100417BD3 /* Constants.swift in Sources */,
				7390069024269C0000B9EEC5 /* MainViewController.swift in Sources */,
				732DA806242739E700417BD3 /* UserDataViewController.swift in Sources */,
				732DA81324275AA400417BD3 /* ChallengesViewController.swift in Sources */,
				739006972427251300B9EEC5 /* LocationManager.swift in Sources */,
				732DA81724275F7E00417BD3 /* SettingsViewController.swift in Sources */,
				73CF5F20242DF56000B7CE40 /* KeyboardHandler.swift in Sources */,
			);
			runOnlyForDeploymentPostprocessing = 0;
		};
/* End PBXSourcesBuildPhase section */

/* Begin PBXVariantGroup section */
		7390066124263E0E00B9EEC5 /* Main.storyboard */ = {
			isa = PBXVariantGroup;
			children = (
				7390066224263E0E00B9EEC5 /* Base */,
			);
			name = Main.storyboard;
			sourceTree = "<group>";
		};
		7390066624263E0F00B9EEC5 /* LaunchScreen.storyboard */ = {
			isa = PBXVariantGroup;
			children = (
				7390066724263E0F00B9EEC5 /* Base */,
			);
			name = LaunchScreen.storyboard;
			sourceTree = "<group>";
		};
/* End PBXVariantGroup section */

/* Begin XCBuildConfiguration section */
		7390066A24263E0F00B9EEC5 /* Debug */ = {
			isa = XCBuildConfiguration;
			buildSettings = {
				ALWAYS_SEARCH_USER_PATHS = NO;
				CLANG_ANALYZER_NONNULL = YES;
				CLANG_ANALYZER_NUMBER_OBJECT_CONVERSION = YES_AGGRESSIVE;
				CLANG_CXX_LANGUAGE_STANDARD = "gnu++14";
				CLANG_CXX_LIBRARY = "libc++";
				CLANG_ENABLE_MODULES = YES;
				CLANG_ENABLE_OBJC_ARC = YES;
				CLANG_ENABLE_OBJC_WEAK = YES;
				CLANG_WARN_BLOCK_CAPTURE_AUTORELEASING = YES;
				CLANG_WARN_BOOL_CONVERSION = YES;
				CLANG_WARN_COMMA = YES;
				CLANG_WARN_CONSTANT_CONVERSION = YES;
				CLANG_WARN_DEPRECATED_OBJC_IMPLEMENTATIONS = YES;
				CLANG_WARN_DIRECT_OBJC_ISA_USAGE = YES_ERROR;
				CLANG_WARN_DOCUMENTATION_COMMENTS = YES;
				CLANG_WARN_EMPTY_BODY = YES;
				CLANG_WARN_ENUM_CONVERSION = YES;
				CLANG_WARN_INFINITE_RECURSION = YES;
				CLANG_WARN_INT_CONVERSION = YES;
				CLANG_WARN_NON_LITERAL_NULL_CONVERSION = YES;
				CLANG_WARN_OBJC_IMPLICIT_RETAIN_SELF = YES;
				CLANG_WARN_OBJC_LITERAL_CONVERSION = YES;
				CLANG_WARN_OBJC_ROOT_CLASS = YES_ERROR;
				CLANG_WARN_RANGE_LOOP_ANALYSIS = YES;
				CLANG_WARN_STRICT_PROTOTYPES = YES;
				CLANG_WARN_SUSPICIOUS_MOVE = YES;
				CLANG_WARN_UNGUARDED_AVAILABILITY = YES_AGGRESSIVE;
				CLANG_WARN_UNREACHABLE_CODE = YES;
				CLANG_WARN__DUPLICATE_METHOD_MATCH = YES;
				COPY_PHASE_STRIP = NO;
				DEBUG_INFORMATION_FORMAT = dwarf;
				ENABLE_STRICT_OBJC_MSGSEND = YES;
				ENABLE_TESTABILITY = YES;
				GCC_C_LANGUAGE_STANDARD = gnu11;
				GCC_DYNAMIC_NO_PIC = NO;
				GCC_NO_COMMON_BLOCKS = YES;
				GCC_OPTIMIZATION_LEVEL = 0;
				GCC_PREPROCESSOR_DEFINITIONS = (
					"DEBUG=1",
					"$(inherited)",
				);
				GCC_WARN_64_TO_32_BIT_CONVERSION = YES;
				GCC_WARN_ABOUT_RETURN_TYPE = YES_ERROR;
				GCC_WARN_UNDECLARED_SELECTOR = YES;
				GCC_WARN_UNINITIALIZED_AUTOS = YES_AGGRESSIVE;
				GCC_WARN_UNUSED_FUNCTION = YES;
				GCC_WARN_UNUSED_VARIABLE = YES;
				IPHONEOS_DEPLOYMENT_TARGET = 13.2;
				MTL_ENABLE_DEBUG_INFO = INCLUDE_SOURCE;
				MTL_FAST_MATH = YES;
				ONLY_ACTIVE_ARCH = YES;
				SDKROOT = iphoneos;
				SWIFT_ACTIVE_COMPILATION_CONDITIONS = DEBUG;
				SWIFT_OPTIMIZATION_LEVEL = "-Onone";
			};
			name = Debug;
		};
		7390066B24263E0F00B9EEC5 /* Release */ = {
			isa = XCBuildConfiguration;
			buildSettings = {
				ALWAYS_SEARCH_USER_PATHS = NO;
				CLANG_ANALYZER_NONNULL = YES;
				CLANG_ANALYZER_NUMBER_OBJECT_CONVERSION = YES_AGGRESSIVE;
				CLANG_CXX_LANGUAGE_STANDARD = "gnu++14";
				CLANG_CXX_LIBRARY = "libc++";
				CLANG_ENABLE_MODULES = YES;
				CLANG_ENABLE_OBJC_ARC = YES;
				CLANG_ENABLE_OBJC_WEAK = YES;
				CLANG_WARN_BLOCK_CAPTURE_AUTORELEASING = YES;
				CLANG_WARN_BOOL_CONVERSION = YES;
				CLANG_WARN_COMMA = YES;
				CLANG_WARN_CONSTANT_CONVERSION = YES;
				CLANG_WARN_DEPRECATED_OBJC_IMPLEMENTATIONS = YES;
				CLANG_WARN_DIRECT_OBJC_ISA_USAGE = YES_ERROR;
				CLANG_WARN_DOCUMENTATION_COMMENTS = YES;
				CLANG_WARN_EMPTY_BODY = YES;
				CLANG_WARN_ENUM_CONVERSION = YES;
				CLANG_WARN_INFINITE_RECURSION = YES;
				CLANG_WARN_INT_CONVERSION = YES;
				CLANG_WARN_NON_LITERAL_NULL_CONVERSION = YES;
				CLANG_WARN_OBJC_IMPLICIT_RETAIN_SELF = YES;
				CLANG_WARN_OBJC_LITERAL_CONVERSION = YES;
				CLANG_WARN_OBJC_ROOT_CLASS = YES_ERROR;
				CLANG_WARN_RANGE_LOOP_ANALYSIS = YES;
				CLANG_WARN_STRICT_PROTOTYPES = YES;
				CLANG_WARN_SUSPICIOUS_MOVE = YES;
				CLANG_WARN_UNGUARDED_AVAILABILITY = YES_AGGRESSIVE;
				CLANG_WARN_UNREACHABLE_CODE = YES;
				CLANG_WARN__DUPLICATE_METHOD_MATCH = YES;
				COPY_PHASE_STRIP = NO;
				DEBUG_INFORMATION_FORMAT = "dwarf-with-dsym";
				ENABLE_NS_ASSERTIONS = NO;
				ENABLE_STRICT_OBJC_MSGSEND = YES;
				GCC_C_LANGUAGE_STANDARD = gnu11;
				GCC_NO_COMMON_BLOCKS = YES;
				GCC_WARN_64_TO_32_BIT_CONVERSION = YES;
				GCC_WARN_ABOUT_RETURN_TYPE = YES_ERROR;
				GCC_WARN_UNDECLARED_SELECTOR = YES;
				GCC_WARN_UNINITIALIZED_AUTOS = YES_AGGRESSIVE;
				GCC_WARN_UNUSED_FUNCTION = YES;
				GCC_WARN_UNUSED_VARIABLE = YES;
				IPHONEOS_DEPLOYMENT_TARGET = 13.2;
				MTL_ENABLE_DEBUG_INFO = NO;
				MTL_FAST_MATH = YES;
				SDKROOT = iphoneos;
				SWIFT_COMPILATION_MODE = wholemodule;
				SWIFT_OPTIMIZATION_LEVEL = "-O";
				VALIDATE_PRODUCT = YES;
			};
			name = Release;
		};
		7390066D24263E0F00B9EEC5 /* Debug */ = {
			isa = XCBuildConfiguration;
			buildSettings = {
				ASSETCATALOG_COMPILER_APPICON_NAME = AppIcon;
				CODE_SIGN_ENTITLEMENTS = "StayAtHome-iOS/StayAtHome-iOS.entitlements";
				CODE_SIGN_IDENTITY = "Apple Development";
				CODE_SIGN_STYLE = Automatic;
				DEVELOPMENT_TEAM = 5ES55SHH2E;
				INFOPLIST_FILE = "StayAtHome-iOS/Info.plist";
				IPHONEOS_DEPLOYMENT_TARGET = 13.2;
				LD_RUNPATH_SEARCH_PATHS = (
					"$(inherited)",
					"@executable_path/Frameworks",
				);
				PRODUCT_BUNDLE_IDENTIFIER = "wvv.StayAtHome-iOS";
				PRODUCT_NAME = "Stay@Home";
				PROVISIONING_PROFILE_SPECIFIER = "";
				SWIFT_VERSION = 5.0;
				TARGETED_DEVICE_FAMILY = "1,2";
			};
			name = Debug;
		};
		7390066E24263E0F00B9EEC5 /* Release */ = {
			isa = XCBuildConfiguration;
			buildSettings = {
				ASSETCATALOG_COMPILER_APPICON_NAME = AppIcon;
				CODE_SIGN_ENTITLEMENTS = "StayAtHome-iOS/StayAtHome-iOS.entitlements";
				CODE_SIGN_IDENTITY = "Apple Development";
				CODE_SIGN_STYLE = Automatic;
				DEVELOPMENT_TEAM = 5ES55SHH2E;
				INFOPLIST_FILE = "StayAtHome-iOS/Info.plist";
				IPHONEOS_DEPLOYMENT_TARGET = 13.2;
				LD_RUNPATH_SEARCH_PATHS = (
					"$(inherited)",
					"@executable_path/Frameworks",
				);
				PRODUCT_BUNDLE_IDENTIFIER = "wvv.StayAtHome-iOS";
				PRODUCT_NAME = "Stay@Home";
				PROVISIONING_PROFILE_SPECIFIER = "";
				SWIFT_VERSION = 5.0;
				TARGETED_DEVICE_FAMILY = "1,2";
			};
			name = Release;
		};
/* End XCBuildConfiguration section */

/* Begin XCConfigurationList section */
		7390065324263E0D00B9EEC5 /* Build configuration list for PBXProject "StayAtHome-iOS" */ = {
			isa = XCConfigurationList;
			buildConfigurations = (
				7390066A24263E0F00B9EEC5 /* Debug */,
				7390066B24263E0F00B9EEC5 /* Release */,
			);
			defaultConfigurationIsVisible = 0;
			defaultConfigurationName = Release;
		};
		7390066C24263E0F00B9EEC5 /* Build configuration list for PBXNativeTarget "StayAtHome-iOS" */ = {
			isa = XCConfigurationList;
			buildConfigurations = (
				7390066D24263E0F00B9EEC5 /* Debug */,
				7390066E24263E0F00B9EEC5 /* Release */,
			);
			defaultConfigurationIsVisible = 0;
			defaultConfigurationName = Release;
		};
/* End XCConfigurationList section */
	};
	rootObject = 7390065024263E0D00B9EEC5 /* Project object */;
}
